<?xml version="1.0" encoding="utf-8"?>
<Project ToolsVersion="4.0" xmlns="http://schemas.microsoft.com/developer/msbuild/2003">
  <ItemGroup>
    <ClCompile Include="Button.cpp" />
    <ClCompile Include="Communicates.cpp">
      <Filter>Communicate</Filter>
    </ClCompile>
    <ClCompile Include="Timer.cpp">
      <Filter>Util</Filter>
    </ClCompile>
    <ClCompile Include="Sound.cpp">
      <Filter>Util</Filter>
    </ClCompile>
    <ClCompile Include="Block.cpp">
      <Filter>Object</Filter>
    </ClCompile>
    <ClCompile Include="Bomb.cpp">
      <Filter>Object</Filter>
    </ClCompile>
    <ClCompile Include="GameObject.cpp">
      <Filter>Object</Filter>
    </ClCompile>
    <ClCompile Include="Item.cpp">
      <Filter>Object</Filter>
    </ClCompile>
    <ClCompile Include="GameFramework.cpp">
      <Filter>Framework</Filter>
    </ClCompile>
    <ClCompile Include="GameRecordScene.cpp">
      <Filter>Scene</Filter>
    </ClCompile>
    <ClCompile Include="GameScene.cpp">
      <Filter>Scene</Filter>
    </ClCompile>
    <ClCompile Include="LobbyScene.cpp">
      <Filter>Scene</Filter>
    </ClCompile>
    <ClCompile Include="Scene.cpp">
      <Filter>Scene</Filter>
    </ClCompile>
    <ClCompile Include="TitleScene.cpp">
      <Filter>Scene</Filter>
    </ClCompile>
    <ClCompile Include="Main.cpp">
      <Filter>Main</Filter>
    </ClCompile>
    <ClCompile Include="stdafx.cpp">
      <Filter>Main</Filter>
    </ClCompile>
    <ClCompile Include="Player.cpp">
      <Filter>Object</Filter>
    </ClCompile>
  </ItemGroup>
  <ItemGroup>
    <ClInclude Include="Button.h" />
    <ClInclude Include="Resource.h">
      <Filter>Main\리소스 파일</Filter>
    </ClInclude>
    <ClInclude Include="Communicates.h">
      <Filter>Communicate</Filter>
    </ClInclude>
    <ClInclude Include="Datas.h">
      <Filter>Communicate</Filter>
    </ClInclude>
    <ClInclude Include="Vector2D.h">
      <Filter>Util</Filter>
    </ClInclude>
    <ClInclude Include="Timer.h">
      <Filter>Util</Filter>
    </ClInclude>
    <ClInclude Include="Sound.h">
      <Filter>Util</Filter>
    </ClInclude>
    <ClInclude Include="Block.h">
      <Filter>Object</Filter>
    </ClInclude>
    <ClInclude Include="Bomb.h">
      <Filter>Object</Filter>
    </ClInclude>
    <ClInclude Include="GameObject.h">
      <Filter>Object</Filter>
    </ClInclude>
    <ClInclude Include="Item.h">
      <Filter>Object</Filter>
    </ClInclude>
    <ClInclude Include="GameFramework.h">
      <Filter>Framework</Filter>
    </ClInclude>
    <ClInclude Include="GameRecordScene.h">
      <Filter>Scene</Filter>
    </ClInclude>
    <ClInclude Include="GameScene.h">
      <Filter>Scene</Filter>
    </ClInclude>
    <ClInclude Include="LobbyScene.h">
      <Filter>Scene</Filter>
    </ClInclude>
    <ClInclude Include="Scene.h">
      <Filter>Scene</Filter>
    </ClInclude>
    <ClInclude Include="TitleScene.h">
      <Filter>Scene</Filter>
    </ClInclude>
    <ClInclude Include="Main.h">
      <Filter>Main</Filter>
    <ClInclude Include="Communicates.h">
      <Filter>Communicate</Filter>
    </ClInclude>
    <ClInclude Include="stdafx.h">
      <Filter>Main</Filter>
    </ClInclude>
    <ClInclude Include="targetver.h">
      <Filter>Main</Filter>
    </ClInclude>
    <ClInclude Include="Player.h">
      <Filter>Object</Filter>
    </ClInclude>
    </ClCompile>
    <ClCompile Include="Sound.cpp">
      <Filter>Sound</Filter>
    </ClCompile>
    <ClCompile Include="Item.cpp">
      <Filter>GameObject</Filter>
    </ClCompile>
    <ClCompile Include="Block.cpp">
      <Filter>GameObject</Filter>
    </ClCompile>
    <ClCompile Include="GameScene.cpp">
      <Filter>Scene</Filter>
    </ClCompile>
    <ClCompile Include="GameObject.cpp">
      <Filter>GameObject</Filter>
    </ClCompile>
    <ClCompile Include="Bomb.cpp">
      <Filter>GameObject</Filter>
    </ClCompile>
    <ClCompile Include="GameRecordScene.cpp">
      <Filter>Scene</Filter>
    </ClCompile>
    <ClCompile Include="Player.cpp">
      <Filter>GameObject</Filter>
    </ClCompile>
    <ClCompile Include="Communicates.cpp">
      <Filter>Communicate</Filter>
    </ClCompile>
  </ItemGroup>
  <ItemGroup>
    <ResourceCompile Include="CAClient.rc">
      <Filter>Main\리소스 파일</Filter>
    </ResourceCompile>
  </ItemGroup>
  <ItemGroup>
    <Image Include="CAClient.ico">
      <Filter>Main\리소스 파일</Filter>
    </Image>
    <Image Include="small.ico">
      <Filter>Main\리소스 파일</Filter>
    </Image>
  </ItemGroup>
  <ItemGroup>
    <None Include="ClassDiagram.cd" />
    <None Include="cpp.hint" />
  </ItemGroup>
  <ItemGroup>
    <Filter Include="Communicate">
      <UniqueIdentifier>{0c124723-030f-4b79-a2fe-d241eaae423c}</UniqueIdentifier>
    </Filter>
    <Filter Include="Util">
      <UniqueIdentifier>{569b1bca-b506-4d65-a981-40c6131c52d2}</UniqueIdentifier>
    </Filter>
    <Filter Include="Object">
      <UniqueIdentifier>{b58446da-79ba-4b90-901b-3290098e3338}</UniqueIdentifier>
    </Filter>
    <Filter Include="Framework">
      <UniqueIdentifier>{09d653ee-bf4d-4269-aca8-d7083dd8327b}</UniqueIdentifier>
    </Filter>
    <Filter Include="Scene">
      <UniqueIdentifier>{57f9de1b-6254-47b2-b04c-6da80c7b0d28}</UniqueIdentifier>
    </Filter>
    <Filter Include="Main">
      <UniqueIdentifier>{4aea84b2-7e7a-429d-bac6-c8c0a96bb5fe}</UniqueIdentifier>
    </Filter>
    <Filter Include="Main\리소스 파일">
      <UniqueIdentifier>{ef963a7c-801c-4fff-a435-b12ec137c9f9}</UniqueIdentifier>
    </Filter>
  </ItemGroup>
  <ItemGroup>
    <ResourceCompile Include="CAClient.rc">
      <Filter>Main\리소스 파일</Filter>
    </ResourceCompile>
  </ItemGroup>
</Project>